
Microsoft Visual Studio Solution File, Format Version 12.00
# Visual Studio Version 17
VisualStudioVersion = 17.2.32505.173
MinimumVisualStudioVersion = 10.0.40219.1
Project("{8BC9CEB8-8B4A-11D0-8D11-00A0C91BC942}") = "09_game", "9_game\9_game.vcxproj", "{41A60625-5C4C-4428-94F2-BF556C793CAB}"
EndProject
Project("{8BC9CEB8-8B4A-11D0-8D11-00A0C91BC942}") = "10_matrix", "10_matrix\10_matrix.vcxproj", "{F7718DF6-EDAF-4A70-9BD7-AE3E1E480DD4}"
EndProject
Project("{8BC9CEB8-8B4A-11D0-8D11-00A0C91BC942}") = "21_bank", "21_bank\21_bank.vcxproj", "{85325D99-33ED-4AD4-B83E-E15F41DD4614}"
EndProject
Project("{8BC9CEB8-8B4A-11D0-8D11-00A0C91BC942}") = "20_video", "20_video\20_video.vcxproj", "{46C80186-A9C4-4447-B49F-75F3203F22B9}"
EndProject
Project("{8BC9CEB8-8B4A-11D0-8D11-00A0C91BC942}") = "11_award", "11_award\11_award.vcxproj", "{1DD1B0D6-3778-47B3-B568-252DFEB6CCED}"
EndProject
Project("{8BC9CEB8-8B4A-11D0-8D11-00A0C91BC942}") = "13_box", "13_box\13_box.vcxproj", "{91820D03-A9BA-4C72-974F-23D0AFC7D764}"
EndProject
Project("{8BC9CEB8-8B4A-11D0-8D11-00A0C91BC942}") = "19_farm", "19_farm\19_farm.vcxproj", "{6147F0A9-C33B-4132-A61B-CFE62D81E757}"
EndProject
Project("{8BC9CEB8-8B4A-11D0-8D11-00A0C91BC942}") = "14_copy", "14_copy\14_copy.vcxproj", "{DE5A91FA-EE6F-4230-8D99-B7873E71017A}"
EndProject
Project("{8BC9CEB8-8B4A-11D0-8D11-00A0C91BC942}") = "18_picture", "18_picture\18_picture.vcxproj", "{8D2053FC-6F90-4C53-9E4A-DE640FBF385F}"
EndProject
Project("{8BC9CEB8-8B4A-11D0-8D11-00A0C91BC942}") = "17_callback", "17_callback\17_callback.vcxproj", "{798913A5-71B8-4EDA-A20B-E3CD3E9FC5ED}"
EndProject
Global
	GlobalSection(SolutionConfigurationPlatforms) = preSolution
		Debug|x64 = Debug|x64
		Debug|x86 = Debug|x86
		Release|x64 = Release|x64
		Release|x86 = Release|x86
	EndGlobalSection
	GlobalSection(ProjectConfigurationPlatforms) = postSolution
		{41A60625-5C4C-4428-94F2-BF556C793CAB}.Debug|x64.ActiveCfg = Debug|x64
		{41A60625-5C4C-4428-94F2-BF556C793CAB}.Debug|x64.Build.0 = Debug|x64
		{41A60625-5C4C-4428-94F2-BF556C793CAB}.Debug|x86.ActiveCfg = Debug|Win32
		{41A60625-5C4C-4428-94F2-BF556C793CAB}.Debug|x86.Build.0 = Debug|Win32
		{41A60625-5C4C-4428-94F2-BF556C793CAB}.Release|x64.ActiveCfg = Release|x64
		{41A60625-5C4C-4428-94F2-BF556C793CAB}.Release|x64.Build.0 = Release|x64
		{41A60625-5C4C-4428-94F2-BF556C793CAB}.Release|x86.ActiveCfg = Release|Win32
		{41A60625-5C4C-4428-94F2-BF556C793CAB}.Release|x86.Build.0 = Release|Win32
		{F7718DF6-EDAF-4A70-9BD7-AE3E1E480DD4}.Debug|x64.ActiveCfg = Debug|x64
		{F7718DF6-EDAF-4A70-9BD7-AE3E1E480DD4}.Debug|x64.Build.0 = Debug|x64
		{F7718DF6-EDAF-4A70-9BD7-AE3E1E480DD4}.Debug|x86.ActiveCfg = Debug|Win32
		{F7718DF6-EDAF-4A70-9BD7-AE3E1E480DD4}.Debug|x86.Build.0 = Debug|Win32
		{F7718DF6-EDAF-4A70-9BD7-AE3E1E480DD4}.Release|x64.ActiveCfg = Release|x64
		{F7718DF6-EDAF-4A70-9BD7-AE3E1E480DD4}.Release|x64.Build.0 = Release|x64
		{F7718DF6-EDAF-4A70-9BD7-AE3E1E480DD4}.Release|x86.ActiveCfg = Release|Win32
		{F7718DF6-EDAF-4A70-9BD7-AE3E1E480DD4}.Release|x86.Build.0 = Release|Win32
		{85325D99-33ED-4AD4-B83E-E15F41DD4614}.Debug|x64.ActiveCfg = Debug|x64
		{85325D99-33ED-4AD4-B83E-E15F41DD4614}.Debug|x64.Build.0 = Debug|x64
		{85325D99-33ED-4AD4-B83E-E15F41DD4614}.Debug|x86.ActiveCfg = Debug|Win32
		{85325D99-33ED-4AD4-B83E-E15F41DD4614}.Debug|x86.Build.0 = Debug|Win32
		{85325D99-33ED-4AD4-B83E-E15F41DD4614}.Release|x64.ActiveCfg = Release|x64
		{85325D99-33ED-4AD4-B83E-E15F41DD4614}.Release|x64.Build.0 = Release|x64
		{85325D99-33ED-4AD4-B83E-E15F41DD4614}.Release|x86.ActiveCfg = Release|Win32
		{85325D99-33ED-4AD4-B83E-E15F41DD4614}.Release|x86.Build.0 = Release|Win32
		{46C80186-A9C4-4447-B49F-75F3203F22B9}.Debug|x64.ActiveCfg = Debug|x64
		{46C80186-A9C4-4447-B49F-75F3203F22B9}.Debug|x64.Build.0 = Debug|x64
		{46C80186-A9C4-4447-B49F-75F3203F22B9}.Debug|x86.ActiveCfg = Debug|Win32
		{46C80186-A9C4-4447-B49F-75F3203F22B9}.Debug|x86.Build.0 = Debug|Win32
		{46C80186-A9C4-4447-B49F-75F3203F22B9}.Release|x64.ActiveCfg = Release|x64
		{46C80186-A9C4-4447-B49F-75F3203F22B9}.Release|x64.Build.0 = Release|x64
		{46C80186-A9C4-4447-B49F-75F3203F22B9}.Release|x86.ActiveCfg = Release|Win32
		{46C80186-A9C4-4447-B49F-75F3203F22B9}.Release|x86.Build.0 = Release|Win32
		{1DD1B0D6-3778-47B3-B568-252DFEB6CCED}.Debug|x64.ActiveCfg = Debug|x64
		{1DD1B0D6-3778-47B3-B568-252DFEB6CCED}.Debug|x64.Build.0 = Debug|x64
		{1DD1B0D6-3778-47B3-B568-252DFEB6CCED}.Debug|x86.ActiveCfg = Debug|Win32
		{1DD1B0D6-3778-47B3-B568-252DFEB6CCED}.Debug|x86.Build.0 = Debug|Win32
		{1DD1B0D6-3778-47B3-B568-252DFEB6CCED}.Release|x64.ActiveCfg = Release|x64
		{1DD1B0D6-3778-47B3-B568-252DFEB6CCED}.Release|x64.Build.0 = Release|x64
		{1DD1B0D6-3778-47B3-B568-252DFEB6CCED}.Release|x86.ActiveCfg = Release|Win32
		{1DD1B0D6-3778-47B3-B568-252DFEB6CCED}.Release|x86.Build.0 = Release|Win32
		{91820D03-A9BA-4C72-974F-23D0AFC7D764}.Debug|x64.ActiveCfg = Debug|x64
		{91820D03-A9BA-4C72-974F-23D0AFC7D764}.Debug|x64.Build.0 = Debug|x64
		{91820D03-A9BA-4C72-974F-23D0AFC7D764}.Debug|x86.ActiveCfg = Debug|Win32
		{91820D03-A9BA-4C72-974F-23D0AFC7D764}.Debug|x86.Build.0 = Debug|Win32
		{91820D03-A9BA-4C72-974F-23D0AFC7D764}.Release|x64.ActiveCfg = Release|x64
		{91820D03-A9BA-4C72-974F-23D0AFC7D764}.Release|x64.Build.0 = Release|x64
		{91820D03-A9BA-4C72-974F-23D0AFC7D764}.Release|x86.ActiveCfg = Release|Win32
		{91820D03-A9BA-4C72-974F-23D0AFC7D764}.Release|x86.Build.0 = Release|Win32
		{6147F0A9-C33B-4132-A61B-CFE62D81E757}.Debug|x64.ActiveCfg = Debug|x64
		{6147F0A9-C33B-4132-A61B-CFE62D81E757}.Debug|x64.Build.0 = Debug|x64
		{6147F0A9-C33B-4132-A61B-CFE62D81E757}.Debug|x86.ActiveCfg = Debug|Win32
		{6147F0A9-C33B-4132-A61B-CFE62D81E757}.Debug|x86.Build.0 = Debug|Win32
		{6147F0A9-C33B-4132-A61B-CFE62D81E757}.Release|x64.ActiveCfg = Release|x64
		{6147F0A9-C33B-4132-A61B-CFE62D81E757}.Release|x64.Build.0 = Release|x64
		{6147F0A9-C33B-4132-A61B-CFE62D81E757}.Release|x86.ActiveCfg = Release|Win32
		{6147F0A9-C33B-4132-A61B-CFE62D81E757}.Release|x86.Build.0 = Release|Win32
		{DE5A91FA-EE6F-4230-8D99-B7873E71017A}.Debug|x64.ActiveCfg = Debug|x64
		{DE5A91FA-EE6F-4230-8D99-B7873E71017A}.Debug|x64.Build.0 = Debug|x64
		{DE5A91FA-EE6F-4230-8D99-B7873E71017A}.Debug|x86.ActiveCfg = Debug|Win32
		{DE5A91FA-EE6F-4230-8D99-B7873E71017A}.Debug|x86.Build.0 = Debug|Win32
		{DE5A91FA-EE6F-4230-8D99-B7873E71017A}.Release|x64.ActiveCfg = Release|x64
		{DE5A91FA-EE6F-4230-8D99-B7873E71017A}.Release|x64.Build.0 = Release|x64
		{DE5A91FA-EE6F-4230-8D99-B7873E71017A}.Release|x86.ActiveCfg = Release|Win32
		{DE5A91FA-EE6F-4230-8D99-B7873E71017A}.Release|x86.Build.0 = Release|Win32
		{8D2053FC-6F90-4C53-9E4A-DE640FBF385F}.Debug|x64.ActiveCfg = Debug|x64
		{8D2053FC-6F90-4C53-9E4A-DE640FBF385F}.Debug|x64.Build.0 = Debug|x64
		{8D2053FC-6F90-4C53-9E4A-DE640FBF385F}.Debug|x86.ActiveCfg = Debug|Win32
		{8D2053FC-6F90-4C53-9E4A-DE640FBF385F}.Debug|x86.Build.0 = Debug|Win32
		{8D2053FC-6F90-4C53-9E4A-DE640FBF385F}.Release|x64.ActiveCfg = Release|x64
		{8D2053FC-6F90-4C53-9E4A-DE640FBF385F}.Release|x64.Build.0 = Release|x64
		{8D2053FC-6F90-4C53-9E4A-DE640FBF385F}.Release|x86.ActiveCfg = Release|Win32
		{8D2053FC-6F90-4C53-9E4A-DE640FBF385F}.Release|x86.Build.0 = Release|Win32
		{798913A5-71B8-4EDA-A20B-E3CD3E9FC5ED}.Debug|x64.ActiveCfg = Debug|x64
		{798913A5-71B8-4EDA-A20B-E3CD3E9FC5ED}.Debug|x64.Build.0 = Debug|x64
		{798913A5-71B8-4EDA-A20B-E3CD3E9FC5ED}.Debug|x86.ActiveCfg = Debug|Win32
		{798913A5-71B8-4EDA-A20B-E3CD3E9FC5ED}.Debug|x86.Build.0 = Debug|Win32
		{798913A5-71B8-4EDA-A20B-E3CD3E9FC5ED}.Release|x64.ActiveCfg = Release|x64
		{798913A5-71B8-4EDA-A20B-E3CD3E9FC5ED}.Release|x64.Build.0 = Release|x64
		{798913A5-71B8-4EDA-A20B-E3CD3E9FC5ED}.Release|x86.ActiveCfg = Release|Win32
		{798913A5-71B8-4EDA-A20B-E3CD3E9FC5ED}.Release|x86.Build.0 = Release|Win32
	EndGlobalSection
	GlobalSection(SolutionProperties) = preSolution
		HideSolutionNode = FALSE
	EndGlobalSection
	GlobalSection(ExtensibilityGlobals) = postSolution
		SolutionGuid = {B8111D63-2DF0-4224-8023-331174EB12BF}
	EndGlobalSection
EndGlobal
